
Microsoft Visual Studio Solution File, Format Version 12.00
# Visual Studio Version 17
VisualStudioVersion = 17.1.32407.343
MinimumVisualStudioVersion = 10.0.40219.1
Project("{9A19103F-16F7-4668-BE54-9A1E7A4F7556}") = "CarPriceApi", "CarPriceApi\CarPriceApi.csproj", "{6E10F496-9AA2-477D-B5C0-1B900EF76DBA}"
EndProject
Global
	GlobalSection(SolutionConfigurationPlatforms) = preSolution
		Debug|Any CPU = Debug|Any CPU
		Release|Any CPU = Release|Any CPU
	EndGlobalSection
	GlobalSection(ProjectConfigurationPlatforms) = postSolution
		{6E10F496-9AA2-477D-B5C0-1B900EF76DBA}.Debug|Any CPU.ActiveCfg = Debug|Any CPU
		{6E10F496-9AA2-477D-B5C0-1B900EF76DBA}.Debug|Any CPU.Build.0 = Debug|Any CPU
		{6E10F496-9AA2-477D-B5C0-1B900EF76DBA}.Release|Any CPU.ActiveCfg = Release|Any CPU
		{6E10F496-9AA2-477D-B5C0-1B900EF76DBA}.Release|Any CPU.Build.0 = Release|Any CPU
	EndGlobalSection
	GlobalSection(SolutionProperties) = preSolution
		HideSolutionNode = FALSE
	EndGlobalSection
	GlobalSection(ExtensibilityGlobals) = postSolution
		SolutionGuid = {1FD545BF-C71C-4F2C-B657-9B017D525476}
	EndGlobalSection
EndGlobal
